// !$*UTF8*$!
{
	archiveVersion = 1;
	classes = {
	};
	objectVersion = 46;
	objects = {

/* Begin PBXBuildFile section */
		EDF130B91C8540C9005D9287 /* AppDelegate.swift in Sources */ = {isa = PBXBuildFile; fileRef = EDF130B81C8540C9005D9287 /* AppDelegate.swift */; };
		EDF130BB1C8540C9005D9287 /* ViewController.swift in Sources */ = {isa = PBXBuildFile; fileRef = EDF130BA1C8540C9005D9287 /* ViewController.swift */; };
		EDF130BE1C8540C9005D9287 /* Main.storyboard in Resources */ = {isa = PBXBuildFile; fileRef = EDF130BC1C8540C9005D9287 /* Main.storyboard */; };
		EDF130C01C8540C9005D9287 /* Assets.xcassets in Resources */ = {isa = PBXBuildFile; fileRef = EDF130BF1C8540C9005D9287 /* Assets.xcassets */; };
		EDF130C31C8540C9005D9287 /* LaunchScreen.storyboard in Resources */ = {isa = PBXBuildFile; fileRef = EDF130C11C8540C9005D9287 /* LaunchScreen.storyboard */; };
		EDF130CE1C8540C9005D9287 /* OneClickImageViewTests.swift in Sources */ = {isa = PBXBuildFile; fileRef = EDF130CD1C8540C9005D9287 /* OneClickImageViewTests.swift */; };
		EDF130D91C8540C9005D9287 /* OneClickImageViewUITests.swift in Sources */ = {isa = PBXBuildFile; fileRef = EDF130D81C8540C9005D9287 /* OneClickImageViewUITests.swift */; };
/* End PBXBuildFile section */

/* Begin PBXContainerItemProxy section */
		EDF130CA1C8540C9005D9287 /* PBXContainerItemProxy */ = {
			isa = PBXContainerItemProxy;
			containerPortal = EDF130AD1C8540C9005D9287 /* Project object */;
			proxyType = 1;
			remoteGlobalIDString = EDF130B41C8540C9005D9287;
			remoteInfo = OneClickImageView;
		};
		EDF130D51C8540C9005D9287 /* PBXContainerItemProxy */ = {
			isa = PBXContainerItemProxy;
			containerPortal = EDF130AD1C8540C9005D9287 /* Project object */;
			proxyType = 1;
			remoteGlobalIDString = EDF130B41C8540C9005D9287;
			remoteInfo = OneClickImageView;
		};
/* End PBXContainerItemProxy section */

/* Begin PBXFileReference section */
		EDF130B51C8540C9005D9287 /* OneClickImageView.app */ = {isa = PBXFileReference; explicitFileType = wrapper.application; includeInIndex = 0; path = OneClickImageView.app; sourceTree = BUILT_PRODUCTS_DIR; };
		EDF130B81C8540C9005D9287 /* AppDelegate.swift */ = {isa = PBXFileReference; lastKnownFileType = sourcecode.swift; path = AppDelegate.swift; sourceTree = "<group>"; };
		EDF130BA1C8540C9005D9287 /* ViewController.swift */ = {isa = PBXFileReference; lastKnownFileType = sourcecode.swift; path = ViewController.swift; sourceTree = "<group>"; };
		EDF130BD1C8540C9005D9287 /* Base */ = {isa = PBXFileReference; lastKnownFileType = file.storyboard; name = Base; path = Base.lproj/Main.storyboard; sourceTree = "<group>"; };
		EDF130BF1C8540C9005D9287 /* Assets.xcassets */ = {isa = PBXFileReference; lastKnownFileType = folder.assetcatalog; path = Assets.xcassets; sourceTree = "<group>"; };
		EDF130C21C8540C9005D9287 /* Base */ = {isa = PBXFileReference; lastKnownFileType = file.storyboard; name = Base; path = Base.lproj/LaunchScreen.storyboard; sourceTree = "<group>"; };
		EDF130C41C8540C9005D9287 /* Info.plist */ = {isa = PBXFileReference; lastKnownFileType = text.plist.xml; path = Info.plist; sourceTree = "<group>"; };
		EDF130C91C8540C9005D9287 /* OneClickImageViewTests.xctest */ = {isa = PBXFileReference; explicitFileType = wrapper.cfbundle; includeInIndex = 0; path = OneClickImageViewTests.xctest; sourceTree = BUILT_PRODUCTS_DIR; };
		EDF130CD1C8540C9005D9287 /* OneClickImageViewTests.swift */ = {isa = PBXFileReference; lastKnownFileType = sourcecode.swift; path = OneClickImageViewTests.swift; sourceTree = "<group>"; };
		EDF130CF1C8540C9005D9287 /* Info.plist */ = {isa = PBXFileReference; lastKnownFileType = text.plist.xml; path = Info.plist; sourceTree = "<group>"; };
		EDF130D41C8540C9005D9287 /* OneClickImageViewUITests.xctest */ = {isa = PBXFileReference; explicitFileType = wrapper.cfbundle; includeInIndex = 0; path = OneClickImageViewUITests.xctest; sourceTree = BUILT_PRODUCTS_DIR; };
		EDF130D81C8540C9005D9287 /* OneClickImageViewUITests.swift */ = {isa = PBXFileReference; lastKnownFileType = sourcecode.swift; path = OneClickImageViewUITests.swift; sourceTree = "<group>"; };
		EDF130DA1C8540C9005D9287 /* Info.plist */ = {isa = PBXFileReference; lastKnownFileType = text.plist.xml; path = Info.plist; sourceTree = "<group>"; };
/* End PBXFileReference section */

/* Begin PBXFrameworksBuildPhase section */
		EDF130B21C8540C9005D9287 /* Frameworks */ = {
			isa = PBXFrameworksBuildPhase;
			buildActionMask = 2147483647;
			files = (
			);
			runOnlyForDeploymentPostprocessing = 0;
		};
		EDF130C61C8540C9005D9287 /* Frameworks */ = {
			isa = PBXFrameworksBuildPhase;
			buildActionMask = 2147483647;
			files = (
			);
			runOnlyForDeploymentPostprocessing = 0;
		};
		EDF130D11C8540C9005D9287 /* Frameworks */ = {
			isa = PBXFrameworksBuildPhase;
			buildActionMask = 2147483647;
			files = (
			);
			runOnlyForDeploymentPostprocessing = 0;
		};
/* End PBXFrameworksBuildPhase section */

/* Begin PBXGroup section */
		EDF130AC1C8540C9005D9287 = {
			isa = PBXGroup;
			children = (
				EDF130B71C8540C9005D9287 /* OneClickImageView */,
				EDF130CC1C8540C9005D9287 /* OneClickImageViewTests */,
				EDF130D71C8540C9005D9287 /* OneClickImageViewUITests */,
				EDF130B61C8540C9005D9287 /* Products */,
			);
			sourceTree = "<group>";
		};
		EDF130B61C8540C9005D9287 /* Products */ = {
			isa = PBXGroup;
			children = (
				EDF130B51C8540C9005D9287 /* OneClickImageView.app */,
				EDF130C91C8540C9005D9287 /* OneClickImageViewTests.xctest */,
				EDF130D41C8540C9005D9287 /* OneClickImageViewUITests.xctest */,
			);
			name = Products;
			sourceTree = "<group>";
		};
		EDF130B71C8540C9005D9287 /* OneClickImageView */ = {
			isa = PBXGroup;
			children = (
				EDF130B81C8540C9005D9287 /* AppDelegate.swift */,
				EDF130BA1C8540C9005D9287 /* ViewController.swift */,
				EDF130BC1C8540C9005D9287 /* Main.storyboard */,
				EDF130BF1C8540C9005D9287 /* Assets.xcassets */,
				EDF130C11C8540C9005D9287 /* LaunchScreen.storyboard */,
				EDF130C41C8540C9005D9287 /* Info.plist */,
			);
			path = OneClickImageView;
			sourceTree = "<group>";
		};
		EDF130CC1C8540C9005D9287 /* OneClickImageViewTests */ = {
			isa = PBXGroup;
			children = (
				EDF130CD1C8540C9005D9287 /* OneClickImageViewTests.swift */,
				EDF130CF1C8540C9005D9287 /* Info.plist */,
			);
			path = OneClickImageViewTests;
			sourceTree = "<group>";
		};
		EDF130D71C8540C9005D9287 /* OneClickImageViewUITests */ = {
			isa = PBXGroup;
			children = (
				EDF130D81C8540C9005D9287 /* OneClickImageViewUITests.swift */,
				EDF130DA1C8540C9005D9287 /* Info.plist */,
			);
			path = OneClickImageViewUITests;
			sourceTree = "<group>";
		};
/* End PBXGroup section */

/* Begin PBXNativeTarget section */
		EDF130B41C8540C9005D9287 /* OneClickImageView */ = {
			isa = PBXNativeTarget;
			buildConfigurationList = EDF130DD1C8540C9005D9287 /* Build configuration list for PBXNativeTarget "OneClickImageView" */;
			buildPhases = (
				EDF130B11C8540C9005D9287 /* Sources */,
				EDF130B21C8540C9005D9287 /* Frameworks */,
				EDF130B31C8540C9005D9287 /* Resources */,
			);
			buildRules = (
			);
			dependencies = (
			);
			name = OneClickImageView;
			productName = OneClickImageView;
			productReference = EDF130B51C8540C9005D9287 /* OneClickImageView.app */;
			productType = "com.apple.product-type.application";
		};
		EDF130C81C8540C9005D9287 /* OneClickImageViewTests */ = {
			isa = PBXNativeTarget;
			buildConfigurationList = EDF130E01C8540C9005D9287 /* Build configuration list for PBXNativeTarget "OneClickImageViewTests" */;
			buildPhases = (
				EDF130C51C8540C9005D9287 /* Sources */,
				EDF130C61C8540C9005D9287 /* Frameworks */,
				EDF130C71C8540C9005D9287 /* Resources */,
			);
			buildRules = (
			);
			dependencies = (
				EDF130CB1C8540C9005D9287 /* PBXTargetDependency */,
			);
			name = OneClickImageViewTests;
			productName = OneClickImageViewTests;
			productReference = EDF130C91C8540C9005D9287 /* OneClickImageViewTests.xctest */;
			productType = "com.apple.product-type.bundle.unit-test";
		};
		EDF130D31C8540C9005D9287 /* OneClickImageViewUITests */ = {
			isa = PBXNativeTarget;
			buildConfigurationList = EDF130E31C8540C9005D9287 /* Build configuration list for PBXNativeTarget "OneClickImageViewUITests" */;
			buildPhases = (
				EDF130D01C8540C9005D9287 /* Sources */,
				EDF130D11C8540C9005D9287 /* Frameworks */,
				EDF130D21C8540C9005D9287 /* Resources */,
			);
			buildRules = (
			);
			dependencies = (
				EDF130D61C8540C9005D9287 /* PBXTargetDependency */,
			);
			name = OneClickImageViewUITests;
			productName = OneClickImageViewUITests;
			productReference = EDF130D41C8540C9005D9287 /* OneClickImageViewUITests.xctest */;
			productType = "com.apple.product-type.bundle.ui-testing";
		};
/* End PBXNativeTarget section */

/* Begin PBXProject section */
		EDF130AD1C8540C9005D9287 /* Project object */ = {
			isa = PBXProject;
			attributes = {
				LastSwiftUpdateCheck = 0720;
				LastUpgradeCheck = 0720;
				ORGANIZATIONNAME = "Jacob Ville Udacity";
				TargetAttributes = {
					EDF130B41C8540C9005D9287 = {
						CreatedOnToolsVersion = 7.2.1;
						DevelopmentTeam = 8ABB44E4U9;
					};
					EDF130C81C8540C9005D9287 = {
						CreatedOnToolsVersion = 7.2.1;
						DevelopmentTeam = 8ABB44E4U9;
						TestTargetID = EDF130B41C8540C9005D9287;
					};
					EDF130D31C8540C9005D9287 = {
						CreatedOnToolsVersion = 7.2.1;
						DevelopmentTeam = 8ABB44E4U9;
						TestTargetID = EDF130B41C8540C9005D9287;
					};
				};
			};
			buildConfigurationList = EDF130B01C8540C9005D9287 /* Build configuration list for PBXProject "OneClickImageView" */;
			compatibilityVersion = "Xcode 3.2";
			developmentRegion = English;
			hasScannedForEncodings = 0;
			knownRegions = (
				en,
				Base,
			);
			mainGroup = EDF130AC1C8540C9005D9287;
			productRefGroup = EDF130B61C8540C9005D9287 /* Products */;
			projectDirPath = "";
			projectRoot = "";
			targets = (
				EDF130B41C8540C9005D9287 /* OneClickImageView */,
				EDF130C81C8540C9005D9287 /* OneClickImageViewTests */,
				EDF130D31C8540C9005D9287 /* OneClickImageViewUITests */,
			);
		};
/* End PBXProject section */

/* Begin PBXResourcesBuildPhase section */
		EDF130B31C8540C9005D9287 /* Resources */ = {
			isa = PBXResourcesBuildPhase;
			buildActionMask = 2147483647;
			files = (
				EDF130C31C8540C9005D9287 /* LaunchScreen.storyboard in Resources */,
				EDF130C01C8540C9005D9287 /* Assets.xcassets in Resources */,
				EDF130BE1C8540C9005D9287 /* Main.storyboard in Resources */,
			);
			runOnlyForDeploymentPostprocessing = 0;
		};
		EDF130C71C8540C9005D9287 /* Resources */ = {
			isa = PBXResourcesBuildPhase;
			buildActionMask = 2147483647;
			files = (
			);
			runOnlyForDeploymentPostprocessing = 0;
		};
		EDF130D21C8540C9005D9287 /* Resources */ = {
			isa = PBXResourcesBuildPhase;
			buildActionMask = 2147483647;
			files = (
			);
			runOnlyForDeploymentPostprocessing = 0;
		};
/* End PBXResourcesBuildPhase section */

/* Begin PBXSourcesBuildPhase section */
		EDF130B11C8540C9005D9287 /* Sources */ = {
			isa = PBXSourcesBuildPhase;
			buildActionMask = 2147483647;
			files = (
				EDF130BB1C8540C9005D9287 /* ViewController.swift in Sources */,
				EDF130B91C8540C9005D9287 /* AppDelegate.swift in Sources */,
			);
			runOnlyForDeploymentPostprocessing = 0;
		};
		EDF130C51C8540C9005D9287 /* Sources */ = {
			isa = PBXSourcesBuildPhase;
			buildActionMask = 2147483647;
			files = (
				EDF130CE1C8540C9005D9287 /* OneClickImageViewTests.swift in Sources */,
			);
			runOnlyForDeploymentPostprocessing = 0;
		};
		EDF130D01C8540C9005D9287 /* Sources */ = {
			isa = PBXSourcesBuildPhase;
			buildActionMask = 2147483647;
			files = (
				EDF130D91C8540C9005D9287 /* OneClickImageViewUITests.swift in Sources */,
			);
			runOnlyForDeploymentPostprocessing = 0;
		};
/* End PBXSourcesBuildPhase section */

/* Begin PBXTargetDependency section */
		EDF130CB1C8540C9005D9287 /* PBXTargetDependency */ = {
			isa = PBXTargetDependency;
			target = EDF130B41C8540C9005D9287 /* OneClickImageView */;
			targetProxy = EDF130CA1C8540C9005D9287 /* PBXContainerItemProxy */;
		};
		EDF130D61C8540C9005D9287 /* PBXTargetDependency */ = {
			isa = PBXTargetDependency;
			target = EDF130B41C8540C9005D9287 /* OneClickImageView */;
			targetProxy = EDF130D51C8540C9005D9287 /* PBXContainerItemProxy */;
		};
/* End PBXTargetDependency section */

/* Begin PBXVariantGroup section */
		EDF130BC1C8540C9005D9287 /* Main.storyboard */ = {
			isa = PBXVariantGroup;
			children = (
				EDF130BD1C8540C9005D9287 /* Base */,
			);
			name = Main.storyboard;
			sourceTree = "<group>";
		};
		EDF130C11C8540C9005D9287 /* LaunchScreen.storyboard */ = {
			isa = PBXVariantGroup;
			children = (
				EDF130C21C8540C9005D9287 /* Base */,
			);
			name = LaunchScreen.storyboard;
			sourceTree = "<group>";
		};
/* End PBXVariantGroup section */

/* Begin XCBuildConfiguration section */
		EDF130DB1C8540C9005D9287 /* Debug */ = {
			isa = XCBuildConfiguration;
			buildSettings = {
				ALWAYS_SEARCH_USER_PATHS = NO;
				CLANG_CXX_LANGUAGE_STANDARD = "gnu++0x";
				CLANG_CXX_LIBRARY = "libc++";
				CLANG_ENABLE_MODULES = YES;
				CLANG_ENABLE_OBJC_ARC = YES;
				CLANG_WARN_BOOL_CONVERSION = YES;
				CLANG_WARN_CONSTANT_CONVERSION = YES;
				CLANG_WARN_DIRECT_OBJC_ISA_USAGE = YES_ERROR;
				CLANG_WARN_EMPTY_BODY = YES;
				CLANG_WARN_ENUM_CONVERSION = YES;
				CLANG_WARN_INT_CONVERSION = YES;
				CLANG_WARN_OBJC_ROOT_CLASS = YES_ERROR;
				CLANG_WARN_UNREACHABLE_CODE = YES;
				CLANG_WARN__DUPLICATE_METHOD_MATCH = YES;
				"CODE_SIGN_IDENTITY[sdk=iphoneos*]" = "iPhone Developer";
				COPY_PHASE_STRIP = NO;
				DEBUG_INFORMATION_FORMAT = dwarf;
				ENABLE_STRICT_OBJC_MSGSEND = YES;
				ENABLE_TESTABILITY = YES;
				GCC_C_LANGUAGE_STANDARD = gnu99;
				GCC_DYNAMIC_NO_PIC = NO;
				GCC_NO_COMMON_BLOCKS = YES;
				GCC_OPTIMIZATION_LEVEL = 0;
				GCC_PREPROCESSOR_DEFINITIONS = (
					"DEBUG=1",
					"$(inherited)",
				);
				GCC_WARN_64_TO_32_BIT_CONVERSION = YES;
				GCC_WARN_ABOUT_RETURN_TYPE = YES_ERROR;
				GCC_WARN_UNDECLARED_SELECTOR = YES;
				GCC_WARN_UNINITIALIZED_AUTOS = YES_AGGRESSIVE;
				GCC_WARN_UNUSED_FUNCTION = YES;
				GCC_WARN_UNUSED_VARIABLE = YES;
				IPHONEOS_DEPLOYMENT_TARGET = 9.2;
				MTL_ENABLE_DEBUG_INFO = YES;
				ONLY_ACTIVE_ARCH = YES;
				SDKROOT = iphoneos;
				SWIFT_OPTIMIZATION_LEVEL = "-Onone";
			};
			name = Debug;
		};
		EDF130DC1C8540C9005D9287 /* Release */ = {
			isa = XCBuildConfiguration;
			buildSettings = {
				ALWAYS_SEARCH_USER_PATHS = NO;
				CLANG_CXX_LANGUAGE_STANDARD = "gnu++0x";
				CLANG_CXX_LIBRARY = "libc++";
				CLANG_ENABLE_MODULES = YES;
				CLANG_ENABLE_OBJC_ARC = YES;
				CLANG_WARN_BOOL_CONVERSION = YES;
				CLANG_WARN_CONSTANT_CONVERSION = YES;
				CLANG_WARN_DIRECT_OBJC_ISA_USAGE = YES_ERROR;
				CLANG_WARN_EMPTY_BODY = YES;
				CLANG_WARN_ENUM_CONVERSION = YES;
				CLANG_WARN_INT_CONVERSION = YES;
				CLANG_WARN_OBJC_ROOT_CLASS = YES_ERROR;
				CLANG_WARN_UNREACHABLE_CODE = YES;
				CLANG_WARN__DUPLICATE_METHOD_MATCH = YES;
				"CODE_SIGN_IDENTITY[sdk=iphoneos*]" = "iPhone Developer";
				COPY_PHASE_STRIP = NO;
				DEBUG_INFORMATION_FORMAT = "dwarf-with-dsym";
				ENABLE_NS_ASSERTIONS = NO;
				ENABLE_STRICT_OBJC_MSGSEND = YES;
				GCC_C_LANGUAGE_STANDARD = gnu99;
				GCC_NO_COMMON_BLOCKS = YES;
				GCC_WARN_64_TO_32_BIT_CONVERSION = YES;
				GCC_WARN_ABOUT_RETURN_TYPE = YES_ERROR;
				GCC_WARN_UNDECLARED_SELECTOR = YES;
				GCC_WARN_UNINITIALIZED_AUTOS = YES_AGGRESSIVE;
				GCC_WARN_UNUSED_FUNCTION = YES;
				GCC_WARN_UNUSED_VARIABLE = YES;
				IPHONEOS_DEPLOYMENT_TARGET = 9.2;
				MTL_ENABLE_DEBUG_INFO = NO;
				SDKROOT = iphoneos;
				VALIDATE_PRODUCT = YES;
			};
			name = Release;
		};
		EDF130DE1C8540C9005D9287 /* Debug */ = {
			isa = XCBuildConfiguration;
			buildSettings = {
				ASSETCATALOG_COMPILER_APPICON_NAME = AppIcon;
				INFOPLIST_FILE = OneClickImageView/Info.plist;
				LD_RUNPATH_SEARCH_PATHS = "$(inherited) @executable_path/Frameworks";
				PRODUCT_BUNDLE_IDENTIFIER = VilleJacob.OneClickImageView;
				PRODUCT_NAME = "$(TARGET_NAME)";
			};
			name = Debug;
		};
		EDF130DF1C8540C9005D9287 /* Release */ = {
			isa = XCBuildConfiguration;
			buildSettings = {
				ASSETCATALOG_COMPILER_APPICON_NAME = AppIcon;
				INFOPLIST_FILE = OneClickImageView/Info.plist;
				LD_RUNPATH_SEARCH_PATHS = "$(inherited) @executable_path/Frameworks";
				PRODUCT_BUNDLE_IDENTIFIER = VilleJacob.OneClickImageView;
				PRODUCT_NAME = "$(TARGET_NAME)";
			};
			name = Release;
		};
		EDF130E11C8540C9005D9287 /* Debug */ = {
			isa = XCBuildConfiguration;
			buildSettings = {
				BUNDLE_LOADER = "$(TEST_HOST)";
				INFOPLIST_FILE = OneClickImageViewTests/Info.plist;
				LD_RUNPATH_SEARCH_PATHS = "$(inherited) @executable_path/Frameworks @loader_path/Frameworks";
				PRODUCT_BUNDLE_IDENTIFIER = VilleJacob.OneClickImageViewTests;
				PRODUCT_NAME = "$(TARGET_NAME)";
				TEST_HOST = "$(BUILT_PRODUCTS_DIR)/OneClickImageView.app/OneClickImageView";
			};
			name = Debug;
		};
		EDF130E21C8540C9005D9287 /* Release */ = {
			isa = XCBuildConfiguration;
			buildSettings = {
				BUNDLE_LOADER = "$(TEST_HOST)";
				INFOPLIST_FILE = OneClickImageViewTests/Info.plist;
				LD_RUNPATH_SEARCH_PATHS = "$(inherited) @executable_path/Frameworks @loader_path/Frameworks";
				PRODUCT_BUNDLE_IDENTIFIER = VilleJacob.OneClickImageViewTests;
				PRODUCT_NAME = "$(TARGET_NAME)";
				TEST_HOST = "$(BUILT_PRODUCTS_DIR)/OneClickImageView.app/OneClickImageView";
			};
			name = Release;
		};
		EDF130E41C8540C9005D9287 /* Debug */ = {
			isa = XCBuildConfiguration;
			buildSettings = {
				INFOPLIST_FILE = OneClickImageViewUITests/Info.plist;
				LD_RUNPATH_SEARCH_PATHS = "$(inherited) @executable_path/Frameworks @loader_path/Frameworks";
				PRODUCT_BUNDLE_IDENTIFIER = VilleJacob.OneClickImageViewUITests;
				PRODUCT_NAME = "$(TARGET_NAME)";
				TEST_TARGET_NAME = OneClickImageView;
				USES_XCTRUNNER = YES;
			};
			name = Debug;
		};
		EDF130E51C8540C9005D9287 /* Release */ = {
			isa = XCBuildConfiguration;
			buildSettings = {
				INFOPLIST_FILE = OneClickImageViewUITests/Info.plist;
				LD_RUNPATH_SEARCH_PATHS = "$(inherited) @executable_path/Frameworks @loader_path/Frameworks";
				PRODUCT_BUNDLE_IDENTIFIER = VilleJacob.OneClickImageViewUITests;
				PRODUCT_NAME = "$(TARGET_NAME)";
				TEST_TARGET_NAME = OneClickImageView;
				USES_XCTRUNNER = YES;
			};
			name = Release;
		};
/* End XCBuildConfiguration section */

/* Begin XCConfigurationList section */
		EDF130B01C8540C9005D9287 /* Build configuration list for PBXProject "OneClickImageView" */ = {
			isa = XCConfigurationList;
			buildConfigurations = (
				EDF130DB1C8540C9005D9287 /* Debug */,
				EDF130DC1C8540C9005D9287 /* Release */,
			);
			defaultConfigurationIsVisible = 0;
			defaultConfigurationName = Release;
		};
		EDF130DD1C8540C9005D9287 /* Build configuration list for PBXNativeTarget "OneClickImageView" */ = {
			isa = XCConfigurationList;
			buildConfigurations = (
				EDF130DE1C8540C9005D9287 /* Debug */,
				EDF130DF1C8540C9005D9287 /* Release */,
			);
			defaultConfigurationIsVisible = 0;
			defaultConfigurationName = Release;
		};
		EDF130E01C8540C9005D9287 /* Build configuration list for PBXNativeTarget "OneClickImageViewTests" */ = {
			isa = XCConfigurationList;
			buildConfigurations = (
				EDF130E11C8540C9005D9287 /* Debug */,
				EDF130E21C8540C9005D9287 /* Release */,
			);
			defaultConfigurationIsVisible = 0;
			defaultConfigurationName = Release;
		};
		EDF130E31C8540C9005D9287 /* Build configuration list for PBXNativeTarget "OneClickImageViewUITests" */ = {
			isa = XCConfigurationList;
			buildConfigurations = (
				EDF130E41C8540C9005D9287 /* Debug */,
				EDF130E51C8540C9005D9287 /* Release */,
			);
			defaultConfigurationIsVisible = 0;
			defaultConfigurationName = Release;
		};
/* End XCConfigurationList section */
	};
	rootObject = EDF130AD1C8540C9005D9287 /* Project object */;
}
